
Microsoft Visual Studio Solution File, Format Version 12.00
# Visual Studio Version 17
VisualStudioVersion = 17.0.31903.59
MinimumVisualStudioVersion = 10.0.40219.1
Project("{2150E333-8FDC-42A3-9474-1A3956D46DE8}") = "src", "src", "{827E0CD3-B72D-47B6-A68D-7590B98EB39B}"
EndProject
Project("{FAE04EC0-301F-11D3-BF4B-00C04F79EFBC}") = "EkubCircle.Domain", "src\EkubCircle.Domain\EkubCircle.Domain.csproj", "{CC242B4A-E4DF-45C6-93BA-6C65D0AE75DE}"
EndProject
Project("{FAE04EC0-301F-11D3-BF4B-00C04F79EFBC}") = "EkubCircle.Application", "src\EkubCircle.Application\EkubCircle.Application.csproj", "{B4411291-F836-4911-92B3-7BC6C63B0C00}"
EndProject
Project("{FAE04EC0-301F-11D3-BF4B-00C04F79EFBC}") = "EkubCircle.Infrastructure", "src\EkubCircle.Infrastructure\EkubCircle.Infrastructure.csproj", "{7D5227C0-A243-44CB-BAF5-C82E442DA948}"
EndProject
Project("{FAE04EC0-301F-11D3-BF4B-00C04F79EFBC}") = "EkubCircle.API", "src\EkubCircle.API\EkubCircle.API.csproj", "{36BDBC0C-0EF7-43D4-96A0-EECD99B158C5}"
EndProject
Global
	GlobalSection(SolutionConfigurationPlatforms) = preSolution
		Debug|Any CPU = Debug|Any CPU
		Debug|x64 = Debug|x64
		Debug|x86 = Debug|x86
		Release|Any CPU = Release|Any CPU
		Release|x64 = Release|x64
		Release|x86 = Release|x86
	EndGlobalSection
	GlobalSection(ProjectConfigurationPlatforms) = postSolution
		{CC242B4A-E4DF-45C6-93BA-6C65D0AE75DE}.Debug|Any CPU.ActiveCfg = Debug|Any CPU
		{CC242B4A-E4DF-45C6-93BA-6C65D0AE75DE}.Debug|Any CPU.Build.0 = Debug|Any CPU
		{CC242B4A-E4DF-45C6-93BA-6C65D0AE75DE}.Debug|x64.ActiveCfg = Debug|Any CPU
		{CC242B4A-E4DF-45C6-93BA-6C65D0AE75DE}.Debug|x64.Build.0 = Debug|Any CPU
		{CC242B4A-E4DF-45C6-93BA-6C65D0AE75DE}.Debug|x86.ActiveCfg = Debug|Any CPU
		{CC242B4A-E4DF-45C6-93BA-6C65D0AE75DE}.Debug|x86.Build.0 = Debug|Any CPU
		{CC242B4A-E4DF-45C6-93BA-6C65D0AE75DE}.Release|Any CPU.ActiveCfg = Release|Any CPU
		{CC242B4A-E4DF-45C6-93BA-6C65D0AE75DE}.Release|Any CPU.Build.0 = Release|Any CPU
		{CC242B4A-E4DF-45C6-93BA-6C65D0AE75DE}.Release|x64.ActiveCfg = Release|Any CPU
		{CC242B4A-E4DF-45C6-93BA-6C65D0AE75DE}.Release|x64.Build.0 = Release|Any CPU
		{CC242B4A-E4DF-45C6-93BA-6C65D0AE75DE}.Release|x86.ActiveCfg = Release|Any CPU
		{CC242B4A-E4DF-45C6-93BA-6C65D0AE75DE}.Release|x86.Build.0 = Release|Any CPU
		{B4411291-F836-4911-92B3-7BC6C63B0C00}.Debug|Any CPU.ActiveCfg = Debug|Any CPU
		{B4411291-F836-4911-92B3-7BC6C63B0C00}.Debug|Any CPU.Build.0 = Debug|Any CPU
		{B4411291-F836-4911-92B3-7BC6C63B0C00}.Debug|x64.ActiveCfg = Debug|Any CPU
		{B4411291-F836-4911-92B3-7BC6C63B0C00}.Debug|x64.Build.0 = Debug|Any CPU
		{B4411291-F836-4911-92B3-7BC6C63B0C00}.Debug|x86.ActiveCfg = Debug|Any CPU
		{B4411291-F836-4911-92B3-7BC6C63B0C00}.Debug|x86.Build.0 = Debug|Any CPU
		{B4411291-F836-4911-92B3-7BC6C63B0C00}.Release|Any CPU.ActiveCfg = Release|Any CPU
		{B4411291-F836-4911-92B3-7BC6C63B0C00}.Release|Any CPU.Build.0 = Release|Any CPU
		{B4411291-F836-4911-92B3-7BC6C63B0C00}.Release|x64.ActiveCfg = Release|Any CPU
		{B4411291-F836-4911-92B3-7BC6C63B0C00}.Release|x64.Build.0 = Release|Any CPU
		{B4411291-F836-4911-92B3-7BC6C63B0C00}.Release|x86.ActiveCfg = Release|Any CPU
		{B4411291-F836-4911-92B3-7BC6C63B0C00}.Release|x86.Build.0 = Release|Any CPU
		{7D5227C0-A243-44CB-BAF5-C82E442DA948}.Debug|Any CPU.ActiveCfg = Debug|Any CPU
		{7D5227C0-A243-44CB-BAF5-C82E442DA948}.Debug|Any CPU.Build.0 = Debug|Any CPU
		{7D5227C0-A243-44CB-BAF5-C82E442DA948}.Debug|x64.ActiveCfg = Debug|Any CPU
		{7D5227C0-A243-44CB-BAF5-C82E442DA948}.Debug|x64.Build.0 = Debug|Any CPU
		{7D5227C0-A243-44CB-BAF5-C82E442DA948}.Debug|x86.ActiveCfg = Debug|Any CPU
		{7D5227C0-A243-44CB-BAF5-C82E442DA948}.Debug|x86.Build.0 = Debug|Any CPU
		{7D5227C0-A243-44CB-BAF5-C82E442DA948}.Release|Any CPU.ActiveCfg = Release|Any CPU
		{7D5227C0-A243-44CB-BAF5-C82E442DA948}.Release|Any CPU.Build.0 = Release|Any CPU
		{7D5227C0-A243-44CB-BAF5-C82E442DA948}.Release|x64.ActiveCfg = Release|Any CPU
		{7D5227C0-A243-44CB-BAF5-C82E442DA948}.Release|x64.Build.0 = Release|Any CPU
		{7D5227C0-A243-44CB-BAF5-C82E442DA948}.Release|x86.ActiveCfg = Release|Any CPU
		{7D5227C0-A243-44CB-BAF5-C82E442DA948}.Release|x86.Build.0 = Release|Any CPU
		{36BDBC0C-0EF7-43D4-96A0-EECD99B158C5}.Debug|Any CPU.ActiveCfg = Debug|Any CPU
		{36BDBC0C-0EF7-43D4-96A0-EECD99B158C5}.Debug|Any CPU.Build.0 = Debug|Any CPU
		{36BDBC0C-0EF7-43D4-96A0-EECD99B158C5}.Debug|x64.ActiveCfg = Debug|Any CPU
		{36BDBC0C-0EF7-43D4-96A0-EECD99B158C5}.Debug|x64.Build.0 = Debug|Any CPU
		{36BDBC0C-0EF7-43D4-96A0-EECD99B158C5}.Debug|x86.ActiveCfg = Debug|Any CPU
		{36BDBC0C-0EF7-43D4-96A0-EECD99B158C5}.Debug|x86.Build.0 = Debug|Any CPU
		{36BDBC0C-0EF7-43D4-96A0-EECD99B158C5}.Release|Any CPU.ActiveCfg = Release|Any CPU
		{36BDBC0C-0EF7-43D4-96A0-EECD99B158C5}.Release|Any CPU.Build.0 = Release|Any CPU
		{36BDBC0C-0EF7-43D4-96A0-EECD99B158C5}.Release|x64.ActiveCfg = Release|Any CPU
		{36BDBC0C-0EF7-43D4-96A0-EECD99B158C5}.Release|x64.Build.0 = Release|Any CPU
		{36BDBC0C-0EF7-43D4-96A0-EECD99B158C5}.Release|x86.ActiveCfg = Release|Any CPU
		{36BDBC0C-0EF7-43D4-96A0-EECD99B158C5}.Release|x86.Build.0 = Release|Any CPU
	EndGlobalSection
	GlobalSection(SolutionProperties) = preSolution
		HideSolutionNode = FALSE
	EndGlobalSection
	GlobalSection(NestedProjects) = preSolution
		{CC242B4A-E4DF-45C6-93BA-6C65D0AE75DE} = {827E0CD3-B72D-47B6-A68D-7590B98EB39B}
		{B4411291-F836-4911-92B3-7BC6C63B0C00} = {827E0CD3-B72D-47B6-A68D-7590B98EB39B}
		{7D5227C0-A243-44CB-BAF5-C82E442DA948} = {827E0CD3-B72D-47B6-A68D-7590B98EB39B}
		{36BDBC0C-0EF7-43D4-96A0-EECD99B158C5} = {827E0CD3-B72D-47B6-A68D-7590B98EB39B}
	EndGlobalSection
EndGlobal
